
Microsoft Visual Studio Solution File, Format Version 12.00
# Visual Studio Version 17
VisualStudioVersion = 17.7.34221.43
MinimumVisualStudioVersion = 10.0.40219.1
Project("{54A90642-561A-4BB1-A94E-469ADEE60C69}") = "reactapp", "reactapp\reactapp.esproj", "{28EB0EB7-D023-4749-AAAA-0B407355DF54}"
EndProject
Project("{9A19103F-16F7-4668-BE54-9A1E7A4F7556}") = "webapi", "webapi\webapi.csproj", "{9925F26A-22BD-4F8B-849B-6F53C6E90FC2}"
EndProject
Project("{9A19103F-16F7-4668-BE54-9A1E7A4F7556}") = "UploadNotificationFunction", "UploadNotificationFunction\UploadNotificationFunction.csproj", "{87622DD1-F2E7-4AD6-BDB8-604F4D48BEEE}"
EndProject
Global
	GlobalSection(SolutionConfigurationPlatforms) = preSolution
		Debug|Any CPU = Debug|Any CPU
		Release|Any CPU = Release|Any CPU
	EndGlobalSection
	GlobalSection(ProjectConfigurationPlatforms) = postSolution
		{28EB0EB7-D023-4749-AAAA-0B407355DF54}.Debug|Any CPU.ActiveCfg = Debug|Any CPU
		{28EB0EB7-D023-4749-AAAA-0B407355DF54}.Debug|Any CPU.Build.0 = Debug|Any CPU
		{28EB0EB7-D023-4749-AAAA-0B407355DF54}.Debug|Any CPU.Deploy.0 = Debug|Any CPU
		{28EB0EB7-D023-4749-AAAA-0B407355DF54}.Release|Any CPU.ActiveCfg = Release|Any CPU
		{28EB0EB7-D023-4749-AAAA-0B407355DF54}.Release|Any CPU.Build.0 = Release|Any CPU
		{28EB0EB7-D023-4749-AAAA-0B407355DF54}.Release|Any CPU.Deploy.0 = Release|Any CPU
		{9925F26A-22BD-4F8B-849B-6F53C6E90FC2}.Debug|Any CPU.ActiveCfg = Debug|Any CPU
		{9925F26A-22BD-4F8B-849B-6F53C6E90FC2}.Debug|Any CPU.Build.0 = Debug|Any CPU
		{9925F26A-22BD-4F8B-849B-6F53C6E90FC2}.Release|Any CPU.ActiveCfg = Release|Any CPU
		{9925F26A-22BD-4F8B-849B-6F53C6E90FC2}.Release|Any CPU.Build.0 = Release|Any CPU
		{87622DD1-F2E7-4AD6-BDB8-604F4D48BEEE}.Debug|Any CPU.ActiveCfg = Debug|Any CPU
		{87622DD1-F2E7-4AD6-BDB8-604F4D48BEEE}.Debug|Any CPU.Build.0 = Debug|Any CPU
		{87622DD1-F2E7-4AD6-BDB8-604F4D48BEEE}.Release|Any CPU.ActiveCfg = Release|Any CPU
		{87622DD1-F2E7-4AD6-BDB8-604F4D48BEEE}.Release|Any CPU.Build.0 = Release|Any CPU
	EndGlobalSection
	GlobalSection(SolutionProperties) = preSolution
		HideSolutionNode = FALSE
	EndGlobalSection
	GlobalSection(ExtensibilityGlobals) = postSolution
		SolutionGuid = {F0909831-1F8C-4EC8-AAC0-E41DEE8FDA1A}
	EndGlobalSection
EndGlobal
